{
  "originHash" : "ee97ee433a6a85a2670e049e7245348f570599a3679791ceee39c634bc54f201",
  "pins" : [
    {
      "identity" : "alamofire",
      "kind" : "remoteSourceControl",
      "location" : "https://github.com/Alamofire/Alamofire.git",
      "state" : {
        "revision" : "f455c2975872ccd2d9c81594c658af65716e9b9a",
        "version" : "5.9.1"
      }
    },
    {
      "identity" : "ml-stable-diffusion",
      "kind" : "remoteSourceControl",
      "location" : "https://github.com/apple/ml-stable-diffusion",
      "state" : {
        "revision" : "5a170d29cf38e674b80541d7ce22929c6a11cdde",
        "version" : "1.1.1"
      }
    },
    {
      "identity" : "networkimage",
      "kind" : "remoteSourceControl",
      "location" : "https://github.com/gonzalezreal/NetworkImage",
      "state" : {
        "revision" : "7aff8d1b31148d32c5933d75557d42f6323ee3d1",
        "version" : "6.0.0"
      }
    },
    {
      "identity" : "swift-argument-parser",
      "kind" : "remoteSourceControl",
      "location" : "https://github.com/apple/swift-argument-parser.git",
      "state" : {
        "revision" : "41982a3656a71c768319979febd796c6fd111d5c",
        "version" : "1.5.0"
      }
    },
    {
      "identity" : "swift-markdown-ui",
      "kind" : "remoteSourceControl",
      "location" : "https://github.com/gonzalezreal/swift-markdown-ui",
      "state" : {
        "revision" : "9a8119b37e09a770367eeb26e05267c75d854053",
        "version" : "2.3.1"
      }
    }
  ],
  "version" : 3
}
