// !$*UTF8*$!
{
	archiveVersion = 1;
	classes = {
	};
	objectVersion = 70;
	objects = {

/* Begin PBXBuildFile section */
		AB04D1592CE33801003B0CD4 /* StableDiffusion in Frameworks */ = {isa = PBXBuildFile; productRef = AB04D1582CE33801003B0CD4 /* StableDiffusion */; };
		AB21AD172CC25249001A7403 /* Logging in Frameworks */ = {isa = PBXBuildFile; productRef = AB21AD162CC25249001A7403 /* Logging */; };
		AB7DEC642C6DFA4A001DC6AA /* MarkdownUI in Frameworks */ = {isa = PBXBuildFile; productRef = AB7DEC632C6DFA4A001DC6AA /* MarkdownUI */; };
		ABA87F092C6C37710025B051 /* LICENSE in Resources */ = {isa = PBXBuildFile; fileRef = ABA87F082C6C37710025B051 /* LICENSE */; };
		ABB908112C6DFC5500B4D6C2 /* Highlightr in Frameworks */ = {isa = PBXBuildFile; productRef = ABB908102C6DFC5500B4D6C2 /* Highlightr */; };
		ABDDF8442CE5F811008C5D9F /* Transformers in Frameworks */ = {isa = PBXBuildFile; productRef = ABDDF8432CE5F811008C5D9F /* Transformers */; };
/* End PBXBuildFile section */

/* Begin PBXContainerItemProxy section */
		ABC1C0992C4F61F300B579B3 /* PBXContainerItemProxy */ = {
			isa = PBXContainerItemProxy;
			containerPortal = ABC1C07D2C4F61F100B579B3 /* Project object */;
			proxyType = 1;
			remoteGlobalIDString = ABC1C0842C4F61F100B579B3;
			remoteInfo = AquariusAI;
		};
		ABC1C0A32C4F61F300B579B3 /* PBXContainerItemProxy */ = {
			isa = PBXContainerItemProxy;
			containerPortal = ABC1C07D2C4F61F100B579B3 /* Project object */;
			proxyType = 1;
			remoteGlobalIDString = ABC1C0842C4F61F100B579B3;
			remoteInfo = AquariusAI;
		};
/* End PBXContainerItemProxy section */

/* Begin PBXCopyFilesBuildPhase section */
		ABC1C12E2C4F7B4E00B579B3 /* Embed Frameworks */ = {
			isa = PBXCopyFilesBuildPhase;
			buildActionMask = 2147483647;
			dstPath = "";
			dstSubfolderSpec = 10;
			files = (
			);
			name = "Embed Frameworks";
			runOnlyForDeploymentPostprocessing = 0;
		};
/* End PBXCopyFilesBuildPhase section */

/* Begin PBXFileReference section */
		ABA87F082C6C37710025B051 /* LICENSE */ = {isa = PBXFileReference; lastKnownFileType = text; path = LICENSE; sourceTree = "<group>"; };
		ABA87F0A2C6C37CC0025B051 /* README_zh.md */ = {isa = PBXFileReference; lastKnownFileType = net.daringfireball.markdown; path = README_zh.md; sourceTree = "<group>"; };
		ABC1C0852C4F61F100B579B3 /* AquariusAI.app */ = {isa = PBXFileReference; explicitFileType = wrapper.application; includeInIndex = 0; path = AquariusAI.app; sourceTree = BUILT_PRODUCTS_DIR; };
		ABC1C0982C4F61F300B579B3 /* AquariusAITests.xctest */ = {isa = PBXFileReference; explicitFileType = wrapper.cfbundle; includeInIndex = 0; path = AquariusAITests.xctest; sourceTree = BUILT_PRODUCTS_DIR; };
		ABC1C0A22C4F61F300B579B3 /* AquariusAIUITests.xctest */ = {isa = PBXFileReference; explicitFileType = wrapper.cfbundle; includeInIndex = 0; path = AquariusAIUITests.xctest; sourceTree = BUILT_PRODUCTS_DIR; };
		ABC1C0BE2C4F725700B579B3 /* README.md */ = {isa = PBXFileReference; fileEncoding = 4; lastKnownFileType = net.daringfireball.markdown; path = README.md; sourceTree = "<group>"; };
/* End PBXFileReference section */

/* Begin PBXFileSystemSynchronizedBuildFileExceptionSet section */
		AB9E73882CCF1BAC006F11AA /* PBXFileSystemSynchronizedBuildFileExceptionSet */ = {
			isa = PBXFileSystemSynchronizedBuildFileExceptionSet;
			membershipExceptions = (
				"256-mac.png",
			);
			target = ABC1C0842C4F61F100B579B3 /* AquariusAI */;
		};
		AB9E73FA2CCF1BB4006F11AA /* PBXFileSystemSynchronizedBuildFileExceptionSet */ = {
			isa = PBXFileSystemSynchronizedBuildFileExceptionSet;
			membershipExceptions = (
				Info.plist,
			);
			target = ABC1C0842C4F61F100B579B3 /* AquariusAI */;
		};
/* End PBXFileSystemSynchronizedBuildFileExceptionSet section */

/* Begin PBXFileSystemSynchronizedRootGroup section */
		AB9E73862CCF1BAC006F11AA /* Data */ = {isa = PBXFileSystemSynchronizedRootGroup; exceptions = (AB9E73882CCF1BAC006F11AA /* PBXFileSystemSynchronizedBuildFileExceptionSet */, ); explicitFileTypes = {}; explicitFolders = (); path = Data; sourceTree = "<group>"; };
		AB9E73C62CCF1BB4006F11AA /* AquariusAI */ = {isa = PBXFileSystemSynchronizedRootGroup; exceptions = (AB9E73FA2CCF1BB4006F11AA /* PBXFileSystemSynchronizedBuildFileExceptionSet */, ); explicitFileTypes = {}; explicitFolders = (); path = AquariusAI; sourceTree = "<group>"; };
		AB9E73FC2CCF1BBC006F11AA /* AquariusAITests */ = {isa = PBXFileSystemSynchronizedRootGroup; explicitFileTypes = {}; explicitFolders = (); path = AquariusAITests; sourceTree = "<group>"; };
		AB9E74002CCF1BBF006F11AA /* AquariusAIUITests */ = {isa = PBXFileSystemSynchronizedRootGroup; explicitFileTypes = {}; explicitFolders = (); path = AquariusAIUITests; sourceTree = "<group>"; };
/* End PBXFileSystemSynchronizedRootGroup section */

/* Begin PBXFrameworksBuildPhase section */
		ABC1C0822C4F61F100B579B3 /* Frameworks */ = {
			isa = PBXFrameworksBuildPhase;
			buildActionMask = 2147483647;
			files = (
				ABB908112C6DFC5500B4D6C2 /* Highlightr in Frameworks */,
				AB21AD172CC25249001A7403 /* Logging in Frameworks */,
				ABDDF8442CE5F811008C5D9F /* Transformers in Frameworks */,
				AB7DEC642C6DFA4A001DC6AA /* MarkdownUI in Frameworks */,
				AB04D1592CE33801003B0CD4 /* StableDiffusion in Frameworks */,
			);
			runOnlyForDeploymentPostprocessing = 0;
		};
		ABC1C0952C4F61F300B579B3 /* Frameworks */ = {
			isa = PBXFrameworksBuildPhase;
			buildActionMask = 2147483647;
			files = (
			);
			runOnlyForDeploymentPostprocessing = 0;
		};
		ABC1C09F2C4F61F300B579B3 /* Frameworks */ = {
			isa = PBXFrameworksBuildPhase;
			buildActionMask = 2147483647;
			files = (
			);
			runOnlyForDeploymentPostprocessing = 0;
		};
/* End PBXFrameworksBuildPhase section */

/* Begin PBXGroup section */
		ABC1C07C2C4F61F100B579B3 = {
			isa = PBXGroup;
			children = (
				AB9E73C62CCF1BB4006F11AA /* AquariusAI */,
				AB9E73FC2CCF1BBC006F11AA /* AquariusAITests */,
				AB9E74002CCF1BBF006F11AA /* AquariusAIUITests */,
				AB9E73862CCF1BAC006F11AA /* Data */,
				ABA87F082C6C37710025B051 /* LICENSE */,
				ABC1C0BE2C4F725700B579B3 /* README.md */,
				ABA87F0A2C6C37CC0025B051 /* README_zh.md */,
				ABC1C0862C4F61F100B579B3 /* Products */,
			);
			sourceTree = "<group>";
		};
		ABC1C0862C4F61F100B579B3 /* Products */ = {
			isa = PBXGroup;
			children = (
				ABC1C0852C4F61F100B579B3 /* AquariusAI.app */,
				ABC1C0982C4F61F300B579B3 /* AquariusAITests.xctest */,
				ABC1C0A22C4F61F300B579B3 /* AquariusAIUITests.xctest */,
			);
			name = Products;
			sourceTree = "<group>";
		};
/* End PBXGroup section */

/* Begin PBXNativeTarget section */
		ABC1C0842C4F61F100B579B3 /* AquariusAI */ = {
			isa = PBXNativeTarget;
			buildConfigurationList = ABC1C0AC2C4F61F300B579B3 /* Build configuration list for PBXNativeTarget "AquariusAI" */;
			buildPhases = (
				ABC1C0812C4F61F100B579B3 /* Sources */,
				ABC1C0822C4F61F100B579B3 /* Frameworks */,
				ABC1C0832C4F61F100B579B3 /* Resources */,
				ABC1C12E2C4F7B4E00B579B3 /* Embed Frameworks */,
			);
			buildRules = (
			);
			dependencies = (
			);
			fileSystemSynchronizedGroups = (
				AB9E73C62CCF1BB4006F11AA /* AquariusAI */,
			);
			name = AquariusAI;
			packageProductDependencies = (
				AB7DEC632C6DFA4A001DC6AA /* MarkdownUI */,
				ABB908102C6DFC5500B4D6C2 /* Highlightr */,
				AB21AD162CC25249001A7403 /* Logging */,
				AB04D1582CE33801003B0CD4 /* StableDiffusion */,
				ABDDF8432CE5F811008C5D9F /* Transformers */,
			);
			productName = AquariusAI;
			productReference = ABC1C0852C4F61F100B579B3 /* AquariusAI.app */;
			productType = "com.apple.product-type.application";
		};
		ABC1C0972C4F61F300B579B3 /* AquariusAITests */ = {
			isa = PBXNativeTarget;
			buildConfigurationList = ABC1C0AF2C4F61F300B579B3 /* Build configuration list for PBXNativeTarget "AquariusAITests" */;
			buildPhases = (
				ABC1C0942C4F61F300B579B3 /* Sources */,
				ABC1C0952C4F61F300B579B3 /* Frameworks */,
				ABC1C0962C4F61F300B579B3 /* Resources */,
			);
			buildRules = (
			);
			dependencies = (
				ABC1C09A2C4F61F300B579B3 /* PBXTargetDependency */,
			);
			fileSystemSynchronizedGroups = (
				AB9E73FC2CCF1BBC006F11AA /* AquariusAITests */,
			);
			name = AquariusAITests;
			productName = AquariusAITests;
			productReference = ABC1C0982C4F61F300B579B3 /* AquariusAITests.xctest */;
			productType = "com.apple.product-type.bundle.unit-test";
		};
		ABC1C0A12C4F61F300B579B3 /* AquariusAIUITests */ = {
			isa = PBXNativeTarget;
			buildConfigurationList = ABC1C0B22C4F61F300B579B3 /* Build configuration list for PBXNativeTarget "AquariusAIUITests" */;
			buildPhases = (
				ABC1C09E2C4F61F300B579B3 /* Sources */,
				ABC1C09F2C4F61F300B579B3 /* Frameworks */,
				ABC1C0A02C4F61F300B579B3 /* Resources */,
			);
			buildRules = (
			);
			dependencies = (
				ABC1C0A42C4F61F300B579B3 /* PBXTargetDependency */,
			);
			fileSystemSynchronizedGroups = (
				AB9E74002CCF1BBF006F11AA /* AquariusAIUITests */,
			);
			name = AquariusAIUITests;
			productName = AquariusAIUITests;
			productReference = ABC1C0A22C4F61F300B579B3 /* AquariusAIUITests.xctest */;
			productType = "com.apple.product-type.bundle.ui-testing";
		};
/* End PBXNativeTarget section */

/* Begin PBXProject section */
		ABC1C07D2C4F61F100B579B3 /* Project object */ = {
			isa = PBXProject;
			attributes = {
				BuildIndependentTargetsInParallel = 1;
				LastSwiftUpdateCheck = 1540;
				LastUpgradeCheck = 1610;
				TargetAttributes = {
					ABC1C0842C4F61F100B579B3 = {
						CreatedOnToolsVersion = 15.4;
						LastSwiftMigration = 1540;
					};
					ABC1C0972C4F61F300B579B3 = {
						CreatedOnToolsVersion = 15.4;
						TestTargetID = ABC1C0842C4F61F100B579B3;
					};
					ABC1C0A12C4F61F300B579B3 = {
						CreatedOnToolsVersion = 15.4;
						TestTargetID = ABC1C0842C4F61F100B579B3;
					};
				};
			};
			buildConfigurationList = ABC1C0802C4F61F100B579B3 /* Build configuration list for PBXProject "AquariusAI" */;
			compatibilityVersion = "Xcode 14.0";
			developmentRegion = en;
			hasScannedForEncodings = 0;
			knownRegions = (
				en,
				Base,
			);
			mainGroup = ABC1C07C2C4F61F100B579B3;
			packageReferences = (
				AB7DEC622C6DFA4A001DC6AA /* XCRemoteSwiftPackageReference "swift-markdown-ui" */,
				ABB9080F2C6DFC5500B4D6C2 /* XCRemoteSwiftPackageReference "Highlightr" */,
				AB21AD152CC25249001A7403 /* XCRemoteSwiftPackageReference "swift-log" */,
				AB04D1572CE33801003B0CD4 /* XCRemoteSwiftPackageReference "ml-stable-diffusion" */,
				ABDDF8422CE5F811008C5D9F /* XCRemoteSwiftPackageReference "swift-transformers" */,
			);
			productRefGroup = ABC1C0862C4F61F100B579B3 /* Products */;
			projectDirPath = "";
			projectRoot = "";
			targets = (
				ABC1C0842C4F61F100B579B3 /* AquariusAI */,
				ABC1C0972C4F61F300B579B3 /* AquariusAITests */,
				ABC1C0A12C4F61F300B579B3 /* AquariusAIUITests */,
			);
		};
/* End PBXProject section */

/* Begin PBXResourcesBuildPhase section */
		ABC1C0832C4F61F100B579B3 /* Resources */ = {
			isa = PBXResourcesBuildPhase;
			buildActionMask = 2147483647;
			files = (
				ABA87F092C6C37710025B051 /* LICENSE in Resources */,
			);
			runOnlyForDeploymentPostprocessing = 0;
		};
		ABC1C0962C4F61F300B579B3 /* Resources */ = {
			isa = PBXResourcesBuildPhase;
			buildActionMask = 2147483647;
			files = (
			);
			runOnlyForDeploymentPostprocessing = 0;
		};
		ABC1C0A02C4F61F300B579B3 /* Resources */ = {
			isa = PBXResourcesBuildPhase;
			buildActionMask = 2147483647;
			files = (
			);
			runOnlyForDeploymentPostprocessing = 0;
		};
/* End PBXResourcesBuildPhase section */

/* Begin PBXSourcesBuildPhase section */
		ABC1C0812C4F61F100B579B3 /* Sources */ = {
			isa = PBXSourcesBuildPhase;
			buildActionMask = 2147483647;
			files = (
			);
			runOnlyForDeploymentPostprocessing = 0;
		};
		ABC1C0942C4F61F300B579B3 /* Sources */ = {
			isa = PBXSourcesBuildPhase;
			buildActionMask = 2147483647;
			files = (
			);
			runOnlyForDeploymentPostprocessing = 0;
		};
		ABC1C09E2C4F61F300B579B3 /* Sources */ = {
			isa = PBXSourcesBuildPhase;
			buildActionMask = 2147483647;
			files = (
			);
			runOnlyForDeploymentPostprocessing = 0;
		};
/* End PBXSourcesBuildPhase section */

/* Begin PBXTargetDependency section */
		ABC1C09A2C4F61F300B579B3 /* PBXTargetDependency */ = {
			isa = PBXTargetDependency;
			target = ABC1C0842C4F61F100B579B3 /* AquariusAI */;
			targetProxy = ABC1C0992C4F61F300B579B3 /* PBXContainerItemProxy */;
		};
		ABC1C0A42C4F61F300B579B3 /* PBXTargetDependency */ = {
			isa = PBXTargetDependency;
			target = ABC1C0842C4F61F100B579B3 /* AquariusAI */;
			targetProxy = ABC1C0A32C4F61F300B579B3 /* PBXContainerItemProxy */;
		};
/* End PBXTargetDependency section */

/* Begin XCBuildConfiguration section */
		ABC1C0AA2C4F61F300B579B3 /* Debug */ = {
			isa = XCBuildConfiguration;
			buildSettings = {
				ALWAYS_SEARCH_USER_PATHS = NO;
				ASSETCATALOG_COMPILER_GENERATE_SWIFT_ASSET_SYMBOL_EXTENSIONS = YES;
				CLANG_ANALYZER_NONNULL = YES;
				CLANG_ANALYZER_NUMBER_OBJECT_CONVERSION = YES_AGGRESSIVE;
				CLANG_CXX_LANGUAGE_STANDARD = "gnu++20";
				CLANG_ENABLE_MODULES = YES;
				CLANG_ENABLE_OBJC_ARC = YES;
				CLANG_ENABLE_OBJC_WEAK = YES;
				CLANG_WARN_BLOCK_CAPTURE_AUTORELEASING = YES;
				CLANG_WARN_BOOL_CONVERSION = YES;
				CLANG_WARN_COMMA = YES;
				CLANG_WARN_CONSTANT_CONVERSION = YES;
				CLANG_WARN_DEPRECATED_OBJC_IMPLEMENTATIONS = YES;
				CLANG_WARN_DIRECT_OBJC_ISA_USAGE = YES_ERROR;
				CLANG_WARN_DOCUMENTATION_COMMENTS = YES;
				CLANG_WARN_EMPTY_BODY = YES;
				CLANG_WARN_ENUM_CONVERSION = YES;
				CLANG_WARN_INFINITE_RECURSION = YES;
				CLANG_WARN_INT_CONVERSION = YES;
				CLANG_WARN_NON_LITERAL_NULL_CONVERSION = YES;
				CLANG_WARN_OBJC_IMPLICIT_RETAIN_SELF = YES;
				CLANG_WARN_OBJC_LITERAL_CONVERSION = YES;
				CLANG_WARN_OBJC_ROOT_CLASS = YES_ERROR;
				CLANG_WARN_QUOTED_INCLUDE_IN_FRAMEWORK_HEADER = YES;
				CLANG_WARN_RANGE_LOOP_ANALYSIS = YES;
				CLANG_WARN_STRICT_PROTOTYPES = YES;
				CLANG_WARN_SUSPICIOUS_MOVE = YES;
				CLANG_WARN_UNGUARDED_AVAILABILITY = YES_AGGRESSIVE;
				CLANG_WARN_UNREACHABLE_CODE = YES;
				CLANG_WARN__DUPLICATE_METHOD_MATCH = YES;
				COPY_PHASE_STRIP = NO;
				DEAD_CODE_STRIPPING = YES;
				DEBUG_INFORMATION_FORMAT = dwarf;
				ENABLE_STRICT_OBJC_MSGSEND = YES;
				ENABLE_TESTABILITY = YES;
				ENABLE_USER_SCRIPT_SANDBOXING = YES;
				GCC_C_LANGUAGE_STANDARD = gnu17;
				GCC_DYNAMIC_NO_PIC = NO;
				GCC_NO_COMMON_BLOCKS = YES;
				GCC_OPTIMIZATION_LEVEL = 0;
				GCC_PREPROCESSOR_DEFINITIONS = (
					"DEBUG=1",
					"$(inherited)",
				);
				GCC_WARN_64_TO_32_BIT_CONVERSION = YES;
				GCC_WARN_ABOUT_RETURN_TYPE = YES_ERROR;
				GCC_WARN_UNDECLARED_SELECTOR = YES;
				GCC_WARN_UNINITIALIZED_AUTOS = YES_AGGRESSIVE;
				GCC_WARN_UNUSED_FUNCTION = YES;
				GCC_WARN_UNUSED_VARIABLE = YES;
				LOCALIZATION_PREFERS_STRING_CATALOGS = YES;
				MTL_ENABLE_DEBUG_INFO = INCLUDE_SOURCE;
				MTL_FAST_MATH = YES;
				ONLY_ACTIVE_ARCH = YES;
				SWIFT_ACTIVE_COMPILATION_CONDITIONS = "DEBUG $(inherited)";
				SWIFT_OPTIMIZATION_LEVEL = "-Onone";
				SWIFT_VERSION = "";
			};
			name = Debug;
		};
		ABC1C0AB2C4F61F300B579B3 /* Release */ = {
			isa = XCBuildConfiguration;
			buildSettings = {
				ALWAYS_SEARCH_USER_PATHS = NO;
				ASSETCATALOG_COMPILER_GENERATE_SWIFT_ASSET_SYMBOL_EXTENSIONS = YES;
				CLANG_ANALYZER_NONNULL = YES;
				CLANG_ANALYZER_NUMBER_OBJECT_CONVERSION = YES_AGGRESSIVE;
				CLANG_CXX_LANGUAGE_STANDARD = "gnu++20";
				CLANG_ENABLE_MODULES = YES;
				CLANG_ENABLE_OBJC_ARC = YES;
				CLANG_ENABLE_OBJC_WEAK = YES;
				CLANG_WARN_BLOCK_CAPTURE_AUTORELEASING = YES;
				CLANG_WARN_BOOL_CONVERSION = YES;
				CLANG_WARN_COMMA = YES;
				CLANG_WARN_CONSTANT_CONVERSION = YES;
				CLANG_WARN_DEPRECATED_OBJC_IMPLEMENTATIONS = YES;
				CLANG_WARN_DIRECT_OBJC_ISA_USAGE = YES_ERROR;
				CLANG_WARN_DOCUMENTATION_COMMENTS = YES;
				CLANG_WARN_EMPTY_BODY = YES;
				CLANG_WARN_ENUM_CONVERSION = YES;
				CLANG_WARN_INFINITE_RECURSION = YES;
				CLANG_WARN_INT_CONVERSION = YES;
				CLANG_WARN_NON_LITERAL_NULL_CONVERSION = YES;
				CLANG_WARN_OBJC_IMPLICIT_RETAIN_SELF = YES;
				CLANG_WARN_OBJC_LITERAL_CONVERSION = YES;
				CLANG_WARN_OBJC_ROOT_CLASS = YES_ERROR;
				CLANG_WARN_QUOTED_INCLUDE_IN_FRAMEWORK_HEADER = YES;
				CLANG_WARN_RANGE_LOOP_ANALYSIS = YES;
				CLANG_WARN_STRICT_PROTOTYPES = YES;
				CLANG_WARN_SUSPICIOUS_MOVE = YES;
				CLANG_WARN_UNGUARDED_AVAILABILITY = YES_AGGRESSIVE;
				CLANG_WARN_UNREACHABLE_CODE = YES;
				CLANG_WARN__DUPLICATE_METHOD_MATCH = YES;
				COPY_PHASE_STRIP = NO;
				DEAD_CODE_STRIPPING = YES;
				DEBUG_INFORMATION_FORMAT = "dwarf-with-dsym";
				ENABLE_NS_ASSERTIONS = NO;
				ENABLE_STRICT_OBJC_MSGSEND = YES;
				ENABLE_USER_SCRIPT_SANDBOXING = YES;
				GCC_C_LANGUAGE_STANDARD = gnu17;
				GCC_NO_COMMON_BLOCKS = YES;
				GCC_WARN_64_TO_32_BIT_CONVERSION = YES;
				GCC_WARN_ABOUT_RETURN_TYPE = YES_ERROR;
				GCC_WARN_UNDECLARED_SELECTOR = YES;
				GCC_WARN_UNINITIALIZED_AUTOS = YES_AGGRESSIVE;
				GCC_WARN_UNUSED_FUNCTION = YES;
				GCC_WARN_UNUSED_VARIABLE = YES;
				LOCALIZATION_PREFERS_STRING_CATALOGS = YES;
				MTL_ENABLE_DEBUG_INFO = NO;
				MTL_FAST_MATH = YES;
				SWIFT_COMPILATION_MODE = wholemodule;
				SWIFT_VERSION = "";
			};
			name = Release;
		};
		ABC1C0AD2C4F61F300B579B3 /* Debug */ = {
			isa = XCBuildConfiguration;
			buildSettings = {
				ASSETCATALOG_COMPILER_APPICON_NAME = AppIcon;
				ASSETCATALOG_COMPILER_GLOBAL_ACCENT_COLOR_NAME = AccentColor;
				CLANG_ENABLE_MODULES = YES;
				CODE_SIGN_ENTITLEMENTS = AquariusAI/AquariusAI.entitlements;
				CODE_SIGN_STYLE = Automatic;
				CURRENT_PROJECT_VERSION = 1;
				DEAD_CODE_STRIPPING = YES;
				DEVELOPMENT_ASSET_PATHS = "\"AquariusAI/Preview Content\"";
				DEVELOPMENT_TEAM = NNQB2TH9QC;
				ENABLE_HARDENED_RUNTIME = YES;
				ENABLE_PREVIEWS = YES;
				GENERATE_INFOPLIST_FILE = YES;
				INFOPLIST_FILE = AquariusAI/Info.plist;
				INFOPLIST_KEY_LSApplicationCategoryType = "public.app-category.productivity";
				"INFOPLIST_KEY_UIApplicationSceneManifest_Generation[sdk=iphoneos*]" = YES;
				"INFOPLIST_KEY_UIApplicationSceneManifest_Generation[sdk=iphonesimulator*]" = YES;
				"INFOPLIST_KEY_UIApplicationSupportsIndirectInputEvents[sdk=iphoneos*]" = YES;
				"INFOPLIST_KEY_UIApplicationSupportsIndirectInputEvents[sdk=iphonesimulator*]" = YES;
				"INFOPLIST_KEY_UILaunchScreen_Generation[sdk=iphoneos*]" = YES;
				"INFOPLIST_KEY_UILaunchScreen_Generation[sdk=iphonesimulator*]" = YES;
				"INFOPLIST_KEY_UIStatusBarStyle[sdk=iphoneos*]" = UIStatusBarStyleDefault;
				"INFOPLIST_KEY_UIStatusBarStyle[sdk=iphonesimulator*]" = UIStatusBarStyleDefault;
				INFOPLIST_KEY_UISupportedInterfaceOrientations_iPad = "UIInterfaceOrientationPortrait UIInterfaceOrientationPortraitUpsideDown UIInterfaceOrientationLandscapeLeft UIInterfaceOrientationLandscapeRight";
				INFOPLIST_KEY_UISupportedInterfaceOrientations_iPhone = "UIInterfaceOrientationPortrait UIInterfaceOrientationLandscapeLeft UIInterfaceOrientationLandscapeRight";
				IPHONEOS_DEPLOYMENT_TARGET = 17.0;
				LD_RUNPATH_SEARCH_PATHS = "@executable_path/Frameworks";
				"LD_RUNPATH_SEARCH_PATHS[sdk=macosx*]" = "@executable_path/../Frameworks";
				LLVM_LTO = YES_THIN;
				MACOSX_DEPLOYMENT_TARGET = 14.0;
				MARKETING_VERSION = 1.0;
				PRODUCT_BUNDLE_IDENTIFIER = com.yztech.AquariusAI;
				PRODUCT_NAME = "$(TARGET_NAME)";
				SDKROOT = auto;
				SUPPORTED_PLATFORMS = "iphoneos iphonesimulator macosx";
				SWIFT_EMIT_LOC_STRINGS = YES;
				SWIFT_OPTIMIZATION_LEVEL = "-Onone";
				SWIFT_VERSION = 5.0;
				TARGETED_DEVICE_FAMILY = "1,2";
			};
			name = Debug;
		};
		ABC1C0AE2C4F61F300B579B3 /* Release */ = {
			isa = XCBuildConfiguration;
			buildSettings = {
				ASSETCATALOG_COMPILER_APPICON_NAME = AppIcon;
				ASSETCATALOG_COMPILER_GLOBAL_ACCENT_COLOR_NAME = AccentColor;
				CLANG_ENABLE_MODULES = YES;
				CODE_SIGN_ENTITLEMENTS = AquariusAI/AquariusAI.entitlements;
				CODE_SIGN_STYLE = Automatic;
				CURRENT_PROJECT_VERSION = 1;
				DEAD_CODE_STRIPPING = YES;
				DEVELOPMENT_ASSET_PATHS = "\"AquariusAI/Preview Content\"";
				DEVELOPMENT_TEAM = NNQB2TH9QC;
				ENABLE_HARDENED_RUNTIME = YES;
				ENABLE_PREVIEWS = YES;
				GENERATE_INFOPLIST_FILE = YES;
				INFOPLIST_FILE = AquariusAI/Info.plist;
				INFOPLIST_KEY_LSApplicationCategoryType = "public.app-category.productivity";
				"INFOPLIST_KEY_UIApplicationSceneManifest_Generation[sdk=iphoneos*]" = YES;
				"INFOPLIST_KEY_UIApplicationSceneManifest_Generation[sdk=iphonesimulator*]" = YES;
				"INFOPLIST_KEY_UIApplicationSupportsIndirectInputEvents[sdk=iphoneos*]" = YES;
				"INFOPLIST_KEY_UIApplicationSupportsIndirectInputEvents[sdk=iphonesimulator*]" = YES;
				"INFOPLIST_KEY_UILaunchScreen_Generation[sdk=iphoneos*]" = YES;
				"INFOPLIST_KEY_UILaunchScreen_Generation[sdk=iphonesimulator*]" = YES;
				"INFOPLIST_KEY_UIStatusBarStyle[sdk=iphoneos*]" = UIStatusBarStyleDefault;
				"INFOPLIST_KEY_UIStatusBarStyle[sdk=iphonesimulator*]" = UIStatusBarStyleDefault;
				INFOPLIST_KEY_UISupportedInterfaceOrientations_iPad = "UIInterfaceOrientationPortrait UIInterfaceOrientationPortraitUpsideDown UIInterfaceOrientationLandscapeLeft UIInterfaceOrientationLandscapeRight";
				INFOPLIST_KEY_UISupportedInterfaceOrientations_iPhone = "UIInterfaceOrientationPortrait UIInterfaceOrientationLandscapeLeft UIInterfaceOrientationLandscapeRight";
				IPHONEOS_DEPLOYMENT_TARGET = 17.0;
				LD_RUNPATH_SEARCH_PATHS = "@executable_path/Frameworks";
				"LD_RUNPATH_SEARCH_PATHS[sdk=macosx*]" = "@executable_path/../Frameworks";
				LLVM_LTO = YES_THIN;
				MACOSX_DEPLOYMENT_TARGET = 14.0;
				MARKETING_VERSION = 1.0;
				PRODUCT_BUNDLE_IDENTIFIER = com.yztech.AquariusAI;
				PRODUCT_NAME = "$(TARGET_NAME)";
				SDKROOT = auto;
				SUPPORTED_PLATFORMS = "iphoneos iphonesimulator macosx";
				SWIFT_EMIT_LOC_STRINGS = YES;
				SWIFT_VERSION = 5.0;
				TARGETED_DEVICE_FAMILY = "1,2";
			};
			name = Release;
		};
		ABC1C0B02C4F61F300B579B3 /* Debug */ = {
			isa = XCBuildConfiguration;
			buildSettings = {
				BUNDLE_LOADER = "$(TEST_HOST)";
				CODE_SIGN_STYLE = Automatic;
				CURRENT_PROJECT_VERSION = 1;
				DEAD_CODE_STRIPPING = YES;
				DEVELOPMENT_TEAM = NNQB2TH9QC;
				GENERATE_INFOPLIST_FILE = YES;
				IPHONEOS_DEPLOYMENT_TARGET = 17.5;
				MACOSX_DEPLOYMENT_TARGET = 14.5;
				MARKETING_VERSION = 1.0;
				PRODUCT_BUNDLE_IDENTIFIER = com.yztech.AquariusAITests;
				PRODUCT_NAME = "$(TARGET_NAME)";
				SDKROOT = auto;
				SUPPORTED_PLATFORMS = "iphoneos iphonesimulator macosx";
				SWIFT_EMIT_LOC_STRINGS = NO;
				SWIFT_VERSION = 5.0;
				TARGETED_DEVICE_FAMILY = "1,2";
				TEST_HOST = "$(BUILT_PRODUCTS_DIR)/AquariusAI.app/$(BUNDLE_EXECUTABLE_FOLDER_PATH)/AquariusAI";
			};
			name = Debug;
		};
		ABC1C0B12C4F61F300B579B3 /* Release */ = {
			isa = XCBuildConfiguration;
			buildSettings = {
				BUNDLE_LOADER = "$(TEST_HOST)";
				CODE_SIGN_STYLE = Automatic;
				CURRENT_PROJECT_VERSION = 1;
				DEAD_CODE_STRIPPING = YES;
				DEVELOPMENT_TEAM = NNQB2TH9QC;
				GENERATE_INFOPLIST_FILE = YES;
				IPHONEOS_DEPLOYMENT_TARGET = 17.5;
				MACOSX_DEPLOYMENT_TARGET = 14.5;
				MARKETING_VERSION = 1.0;
				PRODUCT_BUNDLE_IDENTIFIER = com.yztech.AquariusAITests;
				PRODUCT_NAME = "$(TARGET_NAME)";
				SDKROOT = auto;
				SUPPORTED_PLATFORMS = "iphoneos iphonesimulator macosx";
				SWIFT_EMIT_LOC_STRINGS = NO;
				SWIFT_VERSION = 5.0;
				TARGETED_DEVICE_FAMILY = "1,2";
				TEST_HOST = "$(BUILT_PRODUCTS_DIR)/AquariusAI.app/$(BUNDLE_EXECUTABLE_FOLDER_PATH)/AquariusAI";
			};
			name = Release;
		};
		ABC1C0B32C4F61F300B579B3 /* Debug */ = {
			isa = XCBuildConfiguration;
			buildSettings = {
				CODE_SIGN_STYLE = Automatic;
				CURRENT_PROJECT_VERSION = 1;
				DEAD_CODE_STRIPPING = YES;
				DEVELOPMENT_TEAM = NNQB2TH9QC;
				GENERATE_INFOPLIST_FILE = YES;
				IPHONEOS_DEPLOYMENT_TARGET = 17.5;
				MACOSX_DEPLOYMENT_TARGET = 14.5;
				MARKETING_VERSION = 1.0;
				PRODUCT_BUNDLE_IDENTIFIER = com.yztech.AquariusAIUITests;
				PRODUCT_NAME = "$(TARGET_NAME)";
				SDKROOT = auto;
				SUPPORTED_PLATFORMS = "iphoneos iphonesimulator macosx";
				SWIFT_EMIT_LOC_STRINGS = NO;
				SWIFT_VERSION = 5.0;
				TARGETED_DEVICE_FAMILY = "1,2";
				TEST_TARGET_NAME = AquariusAI;
			};
			name = Debug;
		};
		ABC1C0B42C4F61F300B579B3 /* Release */ = {
			isa = XCBuildConfiguration;
			buildSettings = {
				CODE_SIGN_STYLE = Automatic;
				CURRENT_PROJECT_VERSION = 1;
				DEAD_CODE_STRIPPING = YES;
				DEVELOPMENT_TEAM = NNQB2TH9QC;
				GENERATE_INFOPLIST_FILE = YES;
				IPHONEOS_DEPLOYMENT_TARGET = 17.5;
				MACOSX_DEPLOYMENT_TARGET = 14.5;
				MARKETING_VERSION = 1.0;
				PRODUCT_BUNDLE_IDENTIFIER = com.yztech.AquariusAIUITests;
				PRODUCT_NAME = "$(TARGET_NAME)";
				SDKROOT = auto;
				SUPPORTED_PLATFORMS = "iphoneos iphonesimulator macosx";
				SWIFT_EMIT_LOC_STRINGS = NO;
				SWIFT_VERSION = 5.0;
				TARGETED_DEVICE_FAMILY = "1,2";
				TEST_TARGET_NAME = AquariusAI;
			};
			name = Release;
		};
/* End XCBuildConfiguration section */

/* Begin XCConfigurationList section */
		ABC1C0802C4F61F100B579B3 /* Build configuration list for PBXProject "AquariusAI" */ = {
			isa = XCConfigurationList;
			buildConfigurations = (
				ABC1C0AA2C4F61F300B579B3 /* Debug */,
				ABC1C0AB2C4F61F300B579B3 /* Release */,
			);
			defaultConfigurationIsVisible = 0;
			defaultConfigurationName = Release;
		};
		ABC1C0AC2C4F61F300B579B3 /* Build configuration list for PBXNativeTarget "AquariusAI" */ = {
			isa = XCConfigurationList;
			buildConfigurations = (
				ABC1C0AD2C4F61F300B579B3 /* Debug */,
				ABC1C0AE2C4F61F300B579B3 /* Release */,
			);
			defaultConfigurationIsVisible = 0;
			defaultConfigurationName = Release;
		};
		ABC1C0AF2C4F61F300B579B3 /* Build configuration list for PBXNativeTarget "AquariusAITests" */ = {
			isa = XCConfigurationList;
			buildConfigurations = (
				ABC1C0B02C4F61F300B579B3 /* Debug */,
				ABC1C0B12C4F61F300B579B3 /* Release */,
			);
			defaultConfigurationIsVisible = 0;
			defaultConfigurationName = Release;
		};
		ABC1C0B22C4F61F300B579B3 /* Build configuration list for PBXNativeTarget "AquariusAIUITests" */ = {
			isa = XCConfigurationList;
			buildConfigurations = (
				ABC1C0B32C4F61F300B579B3 /* Debug */,
				ABC1C0B42C4F61F300B579B3 /* Release */,
			);
			defaultConfigurationIsVisible = 0;
			defaultConfigurationName = Release;
		};
/* End XCConfigurationList section */

/* Begin XCRemoteSwiftPackageReference section */
		AB04D1572CE33801003B0CD4 /* XCRemoteSwiftPackageReference "ml-stable-diffusion" */ = {
			isa = XCRemoteSwiftPackageReference;
			repositoryURL = "https://github.com/apple/ml-stable-diffusion";
			requirement = {
				branch = main;
				kind = branch;
			};
		};
		AB21AD152CC25249001A7403 /* XCRemoteSwiftPackageReference "swift-log" */ = {
			isa = XCRemoteSwiftPackageReference;
			repositoryURL = "https://github.com/apple/swift-log";
			requirement = {
				kind = upToNextMajorVersion;
				minimumVersion = 1.6.1;
			};
		};
		AB7DEC622C6DFA4A001DC6AA /* XCRemoteSwiftPackageReference "swift-markdown-ui" */ = {
			isa = XCRemoteSwiftPackageReference;
			repositoryURL = "https://github.com/gonzalezreal/swift-markdown-ui";
			requirement = {
				kind = upToNextMajorVersion;
				minimumVersion = 2.4.0;
			};
		};
		ABB9080F2C6DFC5500B4D6C2 /* XCRemoteSwiftPackageReference "Highlightr" */ = {
			isa = XCRemoteSwiftPackageReference;
			repositoryURL = "https://github.com/raspu/Highlightr";
			requirement = {
				kind = upToNextMajorVersion;
				minimumVersion = 2.2.1;
			};
		};
		ABDDF8422CE5F811008C5D9F /* XCRemoteSwiftPackageReference "swift-transformers" */ = {
			isa = XCRemoteSwiftPackageReference;
			repositoryURL = "https://github.com/huggingface/swift-transformers";
			requirement = {
				kind = upToNextMajorVersion;
				minimumVersion = 0.1.8;
			};
		};
/* End XCRemoteSwiftPackageReference section */

/* Begin XCSwiftPackageProductDependency section */
		AB04D1582CE33801003B0CD4 /* StableDiffusion */ = {
			isa = XCSwiftPackageProductDependency;
			package = AB04D1572CE33801003B0CD4 /* XCRemoteSwiftPackageReference "ml-stable-diffusion" */;
			productName = StableDiffusion;
		};
		AB21AD162CC25249001A7403 /* Logging */ = {
			isa = XCSwiftPackageProductDependency;
			package = AB21AD152CC25249001A7403 /* XCRemoteSwiftPackageReference "swift-log" */;
			productName = Logging;
		};
		AB7DEC632C6DFA4A001DC6AA /* MarkdownUI */ = {
			isa = XCSwiftPackageProductDependency;
			package = AB7DEC622C6DFA4A001DC6AA /* XCRemoteSwiftPackageReference "swift-markdown-ui" */;
			productName = MarkdownUI;
		};
		ABB908102C6DFC5500B4D6C2 /* Highlightr */ = {
			isa = XCSwiftPackageProductDependency;
			package = ABB9080F2C6DFC5500B4D6C2 /* XCRemoteSwiftPackageReference "Highlightr" */;
			productName = Highlightr;
		};
		ABDDF8432CE5F811008C5D9F /* Transformers */ = {
			isa = XCSwiftPackageProductDependency;
			package = ABDDF8422CE5F811008C5D9F /* XCRemoteSwiftPackageReference "swift-transformers" */;
			productName = Transformers;
		};
/* End XCSwiftPackageProductDependency section */
	};
	rootObject = ABC1C07D2C4F61F100B579B3 /* Project object */;
}
